
Microsoft Visual Studio Solution File, Format Version 12.00
# Visual Studio Version 16
VisualStudioVersion = 16.0.33529.622
MinimumVisualStudioVersion = 10.0.40219.1
Project("{FAE04EC0-301F-11D3-BF4B-00C04F79EFBC}") = "Projekat ERS", "Projekat ERS\Projekat ERS.csproj", "{BD4D2D72-3E15-4F44-B5FA-6BEC7374E709}"
EndProject
Project("{FAE04EC0-301F-11D3-BF4B-00C04F79EFBC}") = "Projekat ERSCitanjeClassOstvTest", "Projekat ERSCitanjeClassOstvTest\Projekat ERSCitanjeClassOstvTest.csproj", "{A95CD37B-A3E7-44EC-8484-AA9D70D9CE24}"
EndProject
Global
	GlobalSection(SolutionConfigurationPlatforms) = preSolution
		Debug|Any CPU = Debug|Any CPU
		Release|Any CPU = Release|Any CPU
	EndGlobalSection
	GlobalSection(ProjectConfigurationPlatforms) = postSolution
		{BD4D2D72-3E15-4F44-B5FA-6BEC7374E709}.Debug|Any CPU.ActiveCfg = Debug|Any CPU
		{BD4D2D72-3E15-4F44-B5FA-6BEC7374E709}.Debug|Any CPU.Build.0 = Debug|Any CPU
		{BD4D2D72-3E15-4F44-B5FA-6BEC7374E709}.Release|Any CPU.ActiveCfg = Release|Any CPU
		{BD4D2D72-3E15-4F44-B5FA-6BEC7374E709}.Release|Any CPU.Build.0 = Release|Any CPU
		{A95CD37B-A3E7-44EC-8484-AA9D70D9CE24}.Debug|Any CPU.ActiveCfg = Debug|Any CPU
		{A95CD37B-A3E7-44EC-8484-AA9D70D9CE24}.Debug|Any CPU.Build.0 = Debug|Any CPU
		{A95CD37B-A3E7-44EC-8484-AA9D70D9CE24}.Release|Any CPU.ActiveCfg = Release|Any CPU
		{A95CD37B-A3E7-44EC-8484-AA9D70D9CE24}.Release|Any CPU.Build.0 = Release|Any CPU
	EndGlobalSection
	GlobalSection(SolutionProperties) = preSolution
		HideSolutionNode = FALSE
	EndGlobalSection
	GlobalSection(ExtensibilityGlobals) = postSolution
		SolutionGuid = {3136E4F7-CDE4-4446-BAB5-476A9A8654F8}
	EndGlobalSection
EndGlobal
